# THIS IS AN AUTOGENERATED FILE. DO NOT EDIT THIS FILE DIRECTLY.
# yarn lockfile v1


"chart.js@^3.5.0":
  "integrity" "sha512-8knRegQLFnPQAheZV8MjxIXc5gQEfDFD897BJgv/klO/vtIyFFmgMXrNfgrXpbTr/XbTturxRgxIXx/Y+ASJBA=="
  "resolved" "https://registry.npmjs.org/chart.js/-/chart.js-3.7.1.tgz"
  "version" "3.7.1"

"chartjs@^0.3.24":
  "integrity" "sha1-Ot3rWuNgaz6J40bCfVLKFYQW6T0="
  "resolved" "https://registry.npmjs.org/chartjs/-/chartjs-0.3.24.tgz"
  "version" "0.3.24"

"js-tokens@^3.0.0 || ^4.0.0":
  "integrity" "sha512-RdJUflcE3cUzKiMqQgsCu06FPu9UdIJO0beYbPhHN4k6apgJtifcoCtT9bcxOpYBtpD2kCM6Sbzg4CausW/PKQ=="
  "resolved" "https://registry.npmjs.org/js-tokens/-/js-tokens-4.0.0.tgz"
  "version" "4.0.0"

"loose-envify@^1.1.0", "loose-envify@^1.4.0":
  "integrity" "sha512-lyuxPGr/Wfhrlem2CL/UcnUc1zcqKAImBDzukY7Y5F/yQiNdko6+fRLevlw1HgMySw7f611UIY408EtxRSoK3Q=="
  "resolved" "https://registry.npmjs.org/loose-envify/-/loose-envify-1.4.0.tgz"
  "version" "1.4.0"
  dependencies:
    "js-tokens" "^3.0.0 || ^4.0.0"

"object-assign@^4.1.1":
  "integrity" "sha1-IQmtx5ZYh8/AXLvUQsrIv7s2CGM="
  "resolved" "https://registry.npmjs.org/object-assign/-/object-assign-4.1.1.tgz"
  "version" "4.1.1"

"prop-types@^15.6.2":
  "integrity" "sha512-oj87CgZICdulUohogVAR7AjlC0327U4el4L6eAvOqCeudMDVU0NThNaV+b9Df4dXgSP1gXMTnPdhfe/2qDH5cg=="
  "resolved" "https://registry.npmjs.org/prop-types/-/prop-types-15.8.1.tgz"
  "version" "15.8.1"
  dependencies:
    "loose-envify" "^1.4.0"
    "object-assign" "^4.1.1"
    "react-is" "^16.13.1"

"react-chartjs-2@^4.0.1":
  "integrity" "sha512-q8bgWzKoFvBvD7YcjT/hXG8jt55TaMAuJ1dmI3tKFJ7CijUWYz4pIfOhkTI6PBTwqu/pmeWsClBRd/7HiWzN1g=="
  "resolved" "https://registry.npmjs.org/react-chartjs-2/-/react-chartjs-2-4.0.1.tgz"
  "version" "4.0.1"

"react-is@^16.13.1":
  "integrity" "sha512-24e6ynE2H+OKt4kqsOvNd8kBpV65zoxbA4BVsEOB3ARVWQki/DHzaUoC5KuON/BiccDaCCTZBuOcfZs70kR8bQ=="
  "resolved" "https://registry.npmjs.org/react-is/-/react-is-16.13.1.tgz"
  "version" "16.13.1"

"react@^16.8.0 || ^17.0.0":
  "integrity" "sha512-0X2CImDkJGApiAlcf0ODKIneSwBPhqJawOa5wCtKbu7ZECrmS26NvtSILynQ66cgkT/RJ4LidJOc3bUESwmU8g=="
  "resolved" "https://registry.npmjs.org/react/-/react-16.14.0.tgz"
  "version" "16.14.0"
  dependencies:
    "loose-envify" "^1.1.0"
    "object-assign" "^4.1.1"
    "prop-types" "^15.6.2"
